
Microsoft Visual Studio Solution File, Format Version 12.00
Project("{FAE04EC0-301F-11D3-BF4B-00C04F79EFBC}") = "TodoList", "TodoList\TodoList.csproj", "{2645F733-4D3A-4EC1-B6D4-AE21B51391CC}"
EndProject
Global
	GlobalSection(SolutionConfigurationPlatforms) = preSolution
		Debug|Any CPU = Debug|Any CPU
		Release|Any CPU = Release|Any CPU
	EndGlobalSection
	GlobalSection(ProjectConfigurationPlatforms) = postSolution
		{2645F733-4D3A-4EC1-B6D4-AE21B51391CC}.Debug|Any CPU.ActiveCfg = Debug|Any CPU
		{2645F733-4D3A-4EC1-B6D4-AE21B51391CC}.Debug|Any CPU.Build.0 = Debug|Any CPU
		{2645F733-4D3A-4EC1-B6D4-AE21B51391CC}.Release|Any CPU.ActiveCfg = Release|Any CPU
		{2645F733-4D3A-4EC1-B6D4-AE21B51391CC}.Release|Any CPU.Build.0 = Release|Any CPU
	EndGlobalSection
EndGlobal
